
Microsoft Visual Studio Solution File, Format Version 12.00
# Visual Studio 15
VisualStudioVersion = 15.0.28307.705
MinimumVisualStudioVersion = 10.0.40219.1
Project("{9A19103F-16F7-4668-BE54-9A1E7A4F7556}") = "MVCusers", "MVCusers\MVCusers.csproj", "{8E44C296-7CC7-4952-B539-C08FF514418F}"
EndProject
Global
	GlobalSection(SolutionConfigurationPlatforms) = preSolution
		Debug|Any CPU = Debug|Any CPU
		Release|Any CPU = Release|Any CPU
	EndGlobalSection
	GlobalSection(ProjectConfigurationPlatforms) = postSolution
		{8E44C296-7CC7-4952-B539-C08FF514418F}.Debug|Any CPU.ActiveCfg = Debug|Any CPU
		{8E44C296-7CC7-4952-B539-C08FF514418F}.Debug|Any CPU.Build.0 = Debug|Any CPU
		{8E44C296-7CC7-4952-B539-C08FF514418F}.Release|Any CPU.ActiveCfg = Release|Any CPU
		{8E44C296-7CC7-4952-B539-C08FF514418F}.Release|Any CPU.Build.0 = Release|Any CPU
	EndGlobalSection
	GlobalSection(SolutionProperties) = preSolution
		HideSolutionNode = FALSE
	EndGlobalSection
	GlobalSection(ExtensibilityGlobals) = postSolution
		SolutionGuid = {38102EA1-CAFF-413C-9E63-E619679BE733}
	EndGlobalSection
EndGlobal
